
Microsoft Visual Studio Solution File, Format Version 12.00
# Visual Studio Version 16
VisualStudioVersion = 16.0.29519.181
MinimumVisualStudioVersion = 10.0.40219.1
Project("{FAE04EC0-301F-11D3-BF4B-00C04F79EFBC}") = "Wolfdog.Test", "Wolfdog.Test\Wolfdog.Test.csproj", "{F6E27509-CED7-4958-BAD3-27F23A3634C7}"
EndProject
Project("{9A19103F-16F7-4668-BE54-9A1E7A4F7556}") = "Wolfdog.ActiveNmsApi", "Wolfdog.ActiveNmsApi\Wolfdog.ActiveNmsApi.csproj", "{60E28AC0-0958-4F87-8834-FC7FEA6D949A}"
EndProject
Project("{9A19103F-16F7-4668-BE54-9A1E7A4F7556}") = "Wolfdog.ActiveNmsOpenwire", "Wolfdog.ActiveNmsOpenwire\Wolfdog.ActiveNmsOpenwire.csproj", "{DA162C38-65AA-4B1D-9227-29B1719172DD}"
EndProject
Global
	GlobalSection(SolutionConfigurationPlatforms) = preSolution
		Debug|Any CPU = Debug|Any CPU
		Release|Any CPU = Release|Any CPU
	EndGlobalSection
	GlobalSection(ProjectConfigurationPlatforms) = postSolution
		{F6E27509-CED7-4958-BAD3-27F23A3634C7}.Debug|Any CPU.ActiveCfg = Debug|Any CPU
		{F6E27509-CED7-4958-BAD3-27F23A3634C7}.Debug|Any CPU.Build.0 = Debug|Any CPU
		{F6E27509-CED7-4958-BAD3-27F23A3634C7}.Release|Any CPU.ActiveCfg = Release|Any CPU
		{F6E27509-CED7-4958-BAD3-27F23A3634C7}.Release|Any CPU.Build.0 = Release|Any CPU
		{60E28AC0-0958-4F87-8834-FC7FEA6D949A}.Debug|Any CPU.ActiveCfg = Debug|Any CPU
		{60E28AC0-0958-4F87-8834-FC7FEA6D949A}.Debug|Any CPU.Build.0 = Debug|Any CPU
		{60E28AC0-0958-4F87-8834-FC7FEA6D949A}.Release|Any CPU.ActiveCfg = Release|Any CPU
		{60E28AC0-0958-4F87-8834-FC7FEA6D949A}.Release|Any CPU.Build.0 = Release|Any CPU
		{DA162C38-65AA-4B1D-9227-29B1719172DD}.Debug|Any CPU.ActiveCfg = Debug|Any CPU
		{DA162C38-65AA-4B1D-9227-29B1719172DD}.Debug|Any CPU.Build.0 = Debug|Any CPU
		{DA162C38-65AA-4B1D-9227-29B1719172DD}.Release|Any CPU.ActiveCfg = Release|Any CPU
		{DA162C38-65AA-4B1D-9227-29B1719172DD}.Release|Any CPU.Build.0 = Release|Any CPU
	EndGlobalSection
	GlobalSection(SolutionProperties) = preSolution
		HideSolutionNode = FALSE
	EndGlobalSection
	GlobalSection(ExtensibilityGlobals) = postSolution
		SolutionGuid = {C928F0E6-F224-49C5-8E8A-2855901B62F5}
	EndGlobalSection
EndGlobal
